
Microsoft Visual Studio Solution File, Format Version 12.00
# Visual Studio 15
VisualStudioVersion = 15.0.27703.2035
MinimumVisualStudioVersion = 10.0.40219.1
Project("{FAE04EC0-301F-11D3-BF4B-00C04F79EFBC}") = "Lab_2_Theory_of_coding", "Lab_2_Theory_of_coding\Lab_2_Theory_of_coding.csproj", "{18DE06CA-DCC6-40B1-A3D8-011560EE58BC}"
EndProject
Global
	GlobalSection(SolutionConfigurationPlatforms) = preSolution
		Debug|Any CPU = Debug|Any CPU
		Release|Any CPU = Release|Any CPU
	EndGlobalSection
	GlobalSection(ProjectConfigurationPlatforms) = postSolution
		{18DE06CA-DCC6-40B1-A3D8-011560EE58BC}.Debug|Any CPU.ActiveCfg = Debug|Any CPU
		{18DE06CA-DCC6-40B1-A3D8-011560EE58BC}.Debug|Any CPU.Build.0 = Debug|Any CPU
		{18DE06CA-DCC6-40B1-A3D8-011560EE58BC}.Release|Any CPU.ActiveCfg = Release|Any CPU
		{18DE06CA-DCC6-40B1-A3D8-011560EE58BC}.Release|Any CPU.Build.0 = Release|Any CPU
	EndGlobalSection
	GlobalSection(SolutionProperties) = preSolution
		HideSolutionNode = FALSE
	EndGlobalSection
	GlobalSection(ExtensibilityGlobals) = postSolution
		SolutionGuid = {C171D8A4-B430-44A5-AB41-1F4ED65536BA}
	EndGlobalSection
EndGlobal
