
Microsoft Visual Studio Solution File, Format Version 12.00
# Visual Studio 15
VisualStudioVersion = 15.0.28307.779
MinimumVisualStudioVersion = 10.0.40219.1
Project("{FAE04EC0-301F-11D3-BF4B-00C04F79EFBC}") = "TeoriyaInformatsiyiTaKoduvannyaLab1", "TeoriyaInformatsiyiTaKoduvannyaLab1\TeoriyaInformatsiyiTaKoduvannyaLab1.csproj", "{3C15A2D4-A5D8-4677-9B66-6636A6E183CA}"
EndProject
Global
	GlobalSection(SolutionConfigurationPlatforms) = preSolution
		Debug|Any CPU = Debug|Any CPU
		Release|Any CPU = Release|Any CPU
	EndGlobalSection
	GlobalSection(ProjectConfigurationPlatforms) = postSolution
		{3C15A2D4-A5D8-4677-9B66-6636A6E183CA}.Debug|Any CPU.ActiveCfg = Debug|Any CPU
		{3C15A2D4-A5D8-4677-9B66-6636A6E183CA}.Debug|Any CPU.Build.0 = Debug|Any CPU
		{3C15A2D4-A5D8-4677-9B66-6636A6E183CA}.Release|Any CPU.ActiveCfg = Release|Any CPU
		{3C15A2D4-A5D8-4677-9B66-6636A6E183CA}.Release|Any CPU.Build.0 = Release|Any CPU
	EndGlobalSection
	GlobalSection(SolutionProperties) = preSolution
		HideSolutionNode = FALSE
	EndGlobalSection
	GlobalSection(ExtensibilityGlobals) = postSolution
		SolutionGuid = {5F714A01-C5E0-4B5C-ABBE-498C7AA6B8CF}
	EndGlobalSection
EndGlobal
