
Microsoft Visual Studio Solution File, Format Version 12.00
# Visual Studio 15
VisualStudioVersion = 15.0.28307.902
MinimumVisualStudioVersion = 10.0.40219.1
Project("{DA7A21FA-8162-4350-AD77-A8D1B671F3ED}") = "Lab_1", "Lab_1\Lab_1.rxproj", "{1AD0AF46-A638-48F9-9012-FBA909A9E417}"
EndProject
Project("{DA7A21FA-8162-4350-AD77-A8D1B671F3ED}") = "Lab_2", "Lab_2\Lab_2.rxproj", "{BAC908A3-9C9D-4D3E-9E7C-8D2CA848030B}"
EndProject
Global
	GlobalSection(SolutionConfigurationPlatforms) = preSolution
		Debug|Any CPU = Debug|Any CPU
		Release|Any CPU = Release|Any CPU
	EndGlobalSection
	GlobalSection(ProjectConfigurationPlatforms) = postSolution
		{1AD0AF46-A638-48F9-9012-FBA909A9E417}.Debug|Any CPU.ActiveCfg = Debug|Any CPU
		{1AD0AF46-A638-48F9-9012-FBA909A9E417}.Debug|Any CPU.Build.0 = Debug|Any CPU
		{1AD0AF46-A638-48F9-9012-FBA909A9E417}.Release|Any CPU.ActiveCfg = Release|Any CPU
		{1AD0AF46-A638-48F9-9012-FBA909A9E417}.Release|Any CPU.Build.0 = Release|Any CPU
		{BAC908A3-9C9D-4D3E-9E7C-8D2CA848030B}.Debug|Any CPU.ActiveCfg = Debug|Any CPU
		{BAC908A3-9C9D-4D3E-9E7C-8D2CA848030B}.Debug|Any CPU.Build.0 = Debug|Any CPU
		{BAC908A3-9C9D-4D3E-9E7C-8D2CA848030B}.Release|Any CPU.ActiveCfg = Release|Any CPU
		{BAC908A3-9C9D-4D3E-9E7C-8D2CA848030B}.Release|Any CPU.Build.0 = Release|Any CPU
	EndGlobalSection
	GlobalSection(SolutionProperties) = preSolution
		HideSolutionNode = FALSE
	EndGlobalSection
	GlobalSection(ExtensibilityGlobals) = postSolution
		SolutionGuid = {E514DDDB-0806-435B-B30C-41BF5DEF61F9}
	EndGlobalSection
EndGlobal
