
Microsoft Visual Studio Solution File, Format Version 10.00
# Visual C++ Express 2008
Project("{8BC9CEB8-8B4A-11D0-8D11-00A0C91BC942}") = "Project", "Project.vcproj", "{25C892C9-1017-444E-8AE0-DAB3F56A034A}"
EndProject
Global
	GlobalSection(SolutionConfigurationPlatforms) = preSolution
		Debug|Win32 = Debug|Win32
		Release|Win32 = Release|Win32
	EndGlobalSection
	GlobalSection(ProjectConfigurationPlatforms) = postSolution
		{25C892C9-1017-444E-8AE0-DAB3F56A034A}.Debug|Win32.ActiveCfg = Debug|Win32
		{25C892C9-1017-444E-8AE0-DAB3F56A034A}.Debug|Win32.Build.0 = Debug|Win32
		{25C892C9-1017-444E-8AE0-DAB3F56A034A}.Release|Win32.ActiveCfg = Release|Win32
		{25C892C9-1017-444E-8AE0-DAB3F56A034A}.Release|Win32.Build.0 = Release|Win32
	EndGlobalSection
	GlobalSection(SolutionProperties) = preSolution
		HideSolutionNode = FALSE
	EndGlobalSection
EndGlobal
