
Microsoft Visual Studio Solution File, Format Version 10.00
# Visual C# Express 2008
Project("{FAE04EC0-301F-11D3-BF4B-00C04F79EFBC}") = "Lab1", "Lab1.csproj", "{DAFB8F2A-DA51-45B5-8ED6-EC4FBB1906C0}"
EndProject
Global
	GlobalSection(SolutionConfigurationPlatforms) = preSolution
		Debug|Any CPU = Debug|Any CPU
		Release|Any CPU = Release|Any CPU
	EndGlobalSection
	GlobalSection(ProjectConfigurationPlatforms) = postSolution
		{DAFB8F2A-DA51-45B5-8ED6-EC4FBB1906C0}.Debug|Any CPU.ActiveCfg = Debug|Any CPU
		{DAFB8F2A-DA51-45B5-8ED6-EC4FBB1906C0}.Debug|Any CPU.Build.0 = Debug|Any CPU
		{DAFB8F2A-DA51-45B5-8ED6-EC4FBB1906C0}.Release|Any CPU.ActiveCfg = Release|Any CPU
		{DAFB8F2A-DA51-45B5-8ED6-EC4FBB1906C0}.Release|Any CPU.Build.0 = Release|Any CPU
	EndGlobalSection
	GlobalSection(SolutionProperties) = preSolution
		HideSolutionNode = FALSE
	EndGlobalSection
EndGlobal
