
Microsoft Visual Studio Solution File, Format Version 12.00
# Visual Studio 2012
Project("{FAE04EC0-301F-11D3-BF4B-00C04F79EFBC}") = "Lab_5", "Lab_5.csproj", "{765A6E92-1BFA-40E8-83AB-023AF125E238}"
EndProject
Global
	GlobalSection(SolutionConfigurationPlatforms) = preSolution
		Debug|Any CPU = Debug|Any CPU
		Release|Any CPU = Release|Any CPU
	EndGlobalSection
	GlobalSection(ProjectConfigurationPlatforms) = postSolution
		{765A6E92-1BFA-40E8-83AB-023AF125E238}.Debug|Any CPU.ActiveCfg = Debug|Any CPU
		{765A6E92-1BFA-40E8-83AB-023AF125E238}.Debug|Any CPU.Build.0 = Debug|Any CPU
		{765A6E92-1BFA-40E8-83AB-023AF125E238}.Release|Any CPU.ActiveCfg = Release|Any CPU
		{765A6E92-1BFA-40E8-83AB-023AF125E238}.Release|Any CPU.Build.0 = Release|Any CPU
	EndGlobalSection
	GlobalSection(SolutionProperties) = preSolution
		HideSolutionNode = FALSE
	EndGlobalSection
EndGlobal
