
Microsoft Visual Studio Solution File, Format Version 12.00
# Visual Studio 2012
Project("{FAE04EC0-301F-11D3-BF4B-00C04F79EFBC}") = "Lab_5", "Lab_5.csproj", "{F62475F6-44C2-450D-B53A-D1361FFF2429}"
EndProject
Global
	GlobalSection(SolutionConfigurationPlatforms) = preSolution
		Debug|Any CPU = Debug|Any CPU
		Release|Any CPU = Release|Any CPU
	EndGlobalSection
	GlobalSection(ProjectConfigurationPlatforms) = postSolution
		{F62475F6-44C2-450D-B53A-D1361FFF2429}.Debug|Any CPU.ActiveCfg = Debug|Any CPU
		{F62475F6-44C2-450D-B53A-D1361FFF2429}.Debug|Any CPU.Build.0 = Debug|Any CPU
		{F62475F6-44C2-450D-B53A-D1361FFF2429}.Release|Any CPU.ActiveCfg = Release|Any CPU
		{F62475F6-44C2-450D-B53A-D1361FFF2429}.Release|Any CPU.Build.0 = Release|Any CPU
	EndGlobalSection
	GlobalSection(SolutionProperties) = preSolution
		HideSolutionNode = FALSE
	EndGlobalSection
EndGlobal
