
Microsoft Visual Studio Solution File, Format Version 12.00
# Visual Studio 2012
Project("{FAE04EC0-301F-11D3-BF4B-00C04F79EFBC}") = "Rotate2DPoint", "Rotate2DPoint.csproj", "{A562291A-9A7E-46C5-9D86-3F2A6BB91063}"
EndProject
Global
	GlobalSection(SolutionConfigurationPlatforms) = preSolution
		Debug|Any CPU = Debug|Any CPU
		Release|Any CPU = Release|Any CPU
	EndGlobalSection
	GlobalSection(ProjectConfigurationPlatforms) = postSolution
		{A562291A-9A7E-46C5-9D86-3F2A6BB91063}.Debug|Any CPU.ActiveCfg = Debug|Any CPU
		{A562291A-9A7E-46C5-9D86-3F2A6BB91063}.Debug|Any CPU.Build.0 = Debug|Any CPU
		{A562291A-9A7E-46C5-9D86-3F2A6BB91063}.Release|Any CPU.ActiveCfg = Release|Any CPU
		{A562291A-9A7E-46C5-9D86-3F2A6BB91063}.Release|Any CPU.Build.0 = Release|Any CPU
	EndGlobalSection
	GlobalSection(SolutionProperties) = preSolution
		HideSolutionNode = FALSE
	EndGlobalSection
EndGlobal
